
Microsoft Visual Studio Solution File, Format Version 12.00
# Visual Studio Version 16
VisualStudioVersion = 16.0.31005.135
MinimumVisualStudioVersion = 10.0.40219.1
Project("{FAE04EC0-301F-11D3-BF4B-00C04F79EFBC}") = "tes tessss", "tes tessss.csproj", "{823364F6-CB7D-47D2-94A9-9F398815433C}"
EndProject
Global
	GlobalSection(SolutionConfigurationPlatforms) = preSolution
		Debug|Any CPU = Debug|Any CPU
		Release|Any CPU = Release|Any CPU
	EndGlobalSection
	GlobalSection(ProjectConfigurationPlatforms) = postSolution
		{823364F6-CB7D-47D2-94A9-9F398815433C}.Debug|Any CPU.ActiveCfg = Debug|Any CPU
		{823364F6-CB7D-47D2-94A9-9F398815433C}.Debug|Any CPU.Build.0 = Debug|Any CPU
		{823364F6-CB7D-47D2-94A9-9F398815433C}.Release|Any CPU.ActiveCfg = Release|Any CPU
		{823364F6-CB7D-47D2-94A9-9F398815433C}.Release|Any CPU.Build.0 = Release|Any CPU
	EndGlobalSection
	GlobalSection(SolutionProperties) = preSolution
		HideSolutionNode = FALSE
	EndGlobalSection
	GlobalSection(ExtensibilityGlobals) = postSolution
		SolutionGuid = {A8E91048-1137-41EE-8951-4E7D8D7CDBA4}
	EndGlobalSection
EndGlobal
