
Microsoft Visual Studio Solution File, Format Version 12.00
# Visual Studio Version 16
VisualStudioVersion = 16.0.31005.135
MinimumVisualStudioVersion = 10.0.40219.1
Project("{FAE04EC0-301F-11D3-BF4B-00C04F79EFBC}") = "ViewSignUp", "ViewSignUp\ViewSignUp.csproj", "{654E52BE-4C2A-4F4A-B33A-30BA27E9D0ED}"
EndProject
Global
	GlobalSection(SolutionConfigurationPlatforms) = preSolution
		Debug|Any CPU = Debug|Any CPU
		Release|Any CPU = Release|Any CPU
	EndGlobalSection
	GlobalSection(ProjectConfigurationPlatforms) = postSolution
		{654E52BE-4C2A-4F4A-B33A-30BA27E9D0ED}.Debug|Any CPU.ActiveCfg = Debug|Any CPU
		{654E52BE-4C2A-4F4A-B33A-30BA27E9D0ED}.Debug|Any CPU.Build.0 = Debug|Any CPU
		{654E52BE-4C2A-4F4A-B33A-30BA27E9D0ED}.Release|Any CPU.ActiveCfg = Release|Any CPU
		{654E52BE-4C2A-4F4A-B33A-30BA27E9D0ED}.Release|Any CPU.Build.0 = Release|Any CPU
	EndGlobalSection
	GlobalSection(SolutionProperties) = preSolution
		HideSolutionNode = FALSE
	EndGlobalSection
	GlobalSection(ExtensibilityGlobals) = postSolution
		SolutionGuid = {A75105B8-A414-4013-9B95-386286D7D16F}
	EndGlobalSection
EndGlobal
