
Microsoft Visual Studio Solution File, Format Version 12.00
# Visual Studio Version 16
VisualStudioVersion = 16.0.31129.286
MinimumVisualStudioVersion = 10.0.40219.1
Project("{FAE04EC0-301F-11D3-BF4B-00C04F79EFBC}") = "ViewHomepage", "ViewHomepage.csproj", "{5E86E321-DD40-4899-B117-D3197482671C}"
EndProject
Project("{FAE04EC0-301F-11D3-BF4B-00C04F79EFBC}") = "UnitTestProject1", "..\UnitTestProject1\UnitTestProject1.csproj", "{7C42B692-0E1B-41A8-AF03-186CE4D8412C}"
EndProject
Global
	GlobalSection(SolutionConfigurationPlatforms) = preSolution
		Debug|Any CPU = Debug|Any CPU
		Release|Any CPU = Release|Any CPU
	EndGlobalSection
	GlobalSection(ProjectConfigurationPlatforms) = postSolution
		{5E86E321-DD40-4899-B117-D3197482671C}.Debug|Any CPU.ActiveCfg = Debug|Any CPU
		{5E86E321-DD40-4899-B117-D3197482671C}.Debug|Any CPU.Build.0 = Debug|Any CPU
		{5E86E321-DD40-4899-B117-D3197482671C}.Release|Any CPU.ActiveCfg = Release|Any CPU
		{5E86E321-DD40-4899-B117-D3197482671C}.Release|Any CPU.Build.0 = Release|Any CPU
		{7C42B692-0E1B-41A8-AF03-186CE4D8412C}.Debug|Any CPU.ActiveCfg = Debug|Any CPU
		{7C42B692-0E1B-41A8-AF03-186CE4D8412C}.Debug|Any CPU.Build.0 = Debug|Any CPU
		{7C42B692-0E1B-41A8-AF03-186CE4D8412C}.Release|Any CPU.ActiveCfg = Release|Any CPU
		{7C42B692-0E1B-41A8-AF03-186CE4D8412C}.Release|Any CPU.Build.0 = Release|Any CPU
	EndGlobalSection
	GlobalSection(SolutionProperties) = preSolution
		HideSolutionNode = FALSE
	EndGlobalSection
	GlobalSection(ExtensibilityGlobals) = postSolution
		SolutionGuid = {DFC4A676-F381-474A-9843-F30B40F5D015}
	EndGlobalSection
EndGlobal
